
Microsoft Visual Studio Solution File, Format Version 12.00
# Visual Studio Version 17
VisualStudioVersion = 17.12.35514.174 d17.12
MinimumVisualStudioVersion = 10.0.40219.1
Project("{FAE04EC0-301F-11D3-BF4B-00C04F79EFBC}") = "ECommerceApp.Domain", "ECommerceApp.Domain\ECommerceApp.Domain.csproj", "{B34CD4F9-07B9-4DF4-A539-20651397A846}"
EndProject
Project("{FAE04EC0-301F-11D3-BF4B-00C04F79EFBC}") = "ECommerceApp.Application", "ECommerceApp.Application\ECommerceApp.Application.csproj", "{CE5E4CDC-C64F-495C-9D0F-26F76A69C3D7}"
EndProject
Project("{FAE04EC0-301F-11D3-BF4B-00C04F79EFBC}") = "ECommerceApp.Ioc", "ECommerceApp.Ioc\ECommerceApp.Ioc.csproj", "{C073ACC4-A9C7-4D20-A5C0-0A71DA03357A}"
EndProject
Project("{FAE04EC0-301F-11D3-BF4B-00C04F79EFBC}") = "ECommerceApp.Infraestructure", "ECommerceApp.Infraestructure\ECommerceApp.Infraestructure.csproj", "{C1A25995-60FA-4179-A898-CAB1D3C30CF9}"
EndProject
Project("{FAE04EC0-301F-11D3-BF4B-00C04F79EFBC}") = "ECommerceApp.Persistence", "ECommerceApp.Persistence\ECommerceApp.Persistence.csproj", "{58D8366D-6203-4731-AE90-B264CB182474}"
EndProject
Project("{FAE04EC0-301F-11D3-BF4B-00C04F79EFBC}") = "ECommerceApp.Api", "ECommerceApp.Api\ECommerceApp.Api.csproj", "{F9F8B5BC-9CA2-4896-BD02-C19CE616AFF0}"
EndProject
Global
	GlobalSection(SolutionConfigurationPlatforms) = preSolution
		Debug|Any CPU = Debug|Any CPU
		Release|Any CPU = Release|Any CPU
	EndGlobalSection
	GlobalSection(ProjectConfigurationPlatforms) = postSolution
		{B34CD4F9-07B9-4DF4-A539-20651397A846}.Debug|Any CPU.ActiveCfg = Debug|Any CPU
		{B34CD4F9-07B9-4DF4-A539-20651397A846}.Debug|Any CPU.Build.0 = Debug|Any CPU
		{B34CD4F9-07B9-4DF4-A539-20651397A846}.Release|Any CPU.ActiveCfg = Release|Any CPU
		{B34CD4F9-07B9-4DF4-A539-20651397A846}.Release|Any CPU.Build.0 = Release|Any CPU
		{CE5E4CDC-C64F-495C-9D0F-26F76A69C3D7}.Debug|Any CPU.ActiveCfg = Debug|Any CPU
		{CE5E4CDC-C64F-495C-9D0F-26F76A69C3D7}.Debug|Any CPU.Build.0 = Debug|Any CPU
		{CE5E4CDC-C64F-495C-9D0F-26F76A69C3D7}.Release|Any CPU.ActiveCfg = Release|Any CPU
		{CE5E4CDC-C64F-495C-9D0F-26F76A69C3D7}.Release|Any CPU.Build.0 = Release|Any CPU
		{C073ACC4-A9C7-4D20-A5C0-0A71DA03357A}.Debug|Any CPU.ActiveCfg = Debug|Any CPU
		{C073ACC4-A9C7-4D20-A5C0-0A71DA03357A}.Debug|Any CPU.Build.0 = Debug|Any CPU
		{C073ACC4-A9C7-4D20-A5C0-0A71DA03357A}.Release|Any CPU.ActiveCfg = Release|Any CPU
		{C073ACC4-A9C7-4D20-A5C0-0A71DA03357A}.Release|Any CPU.Build.0 = Release|Any CPU
		{C1A25995-60FA-4179-A898-CAB1D3C30CF9}.Debug|Any CPU.ActiveCfg = Debug|Any CPU
		{C1A25995-60FA-4179-A898-CAB1D3C30CF9}.Debug|Any CPU.Build.0 = Debug|Any CPU
		{C1A25995-60FA-4179-A898-CAB1D3C30CF9}.Release|Any CPU.ActiveCfg = Release|Any CPU
		{C1A25995-60FA-4179-A898-CAB1D3C30CF9}.Release|Any CPU.Build.0 = Release|Any CPU
		{58D8366D-6203-4731-AE90-B264CB182474}.Debug|Any CPU.ActiveCfg = Debug|Any CPU
		{58D8366D-6203-4731-AE90-B264CB182474}.Debug|Any CPU.Build.0 = Debug|Any CPU
		{58D8366D-6203-4731-AE90-B264CB182474}.Release|Any CPU.ActiveCfg = Release|Any CPU
		{58D8366D-6203-4731-AE90-B264CB182474}.Release|Any CPU.Build.0 = Release|Any CPU
		{F9F8B5BC-9CA2-4896-BD02-C19CE616AFF0}.Debug|Any CPU.ActiveCfg = Debug|Any CPU
		{F9F8B5BC-9CA2-4896-BD02-C19CE616AFF0}.Debug|Any CPU.Build.0 = Debug|Any CPU
		{F9F8B5BC-9CA2-4896-BD02-C19CE616AFF0}.Release|Any CPU.ActiveCfg = Release|Any CPU
		{F9F8B5BC-9CA2-4896-BD02-C19CE616AFF0}.Release|Any CPU.Build.0 = Release|Any CPU
	EndGlobalSection
	GlobalSection(SolutionProperties) = preSolution
		HideSolutionNode = FALSE
	EndGlobalSection
EndGlobal
